// !$*UTF8*$!
{
	archiveVersion = 1;
	classes = {
	};
	objectVersion = 55;
	objects = {

/* Begin PBXBuildFile section */
		C15DB4DC27B3A0E100AFFBCF /* AppDelegate.swift in Sources */ = {isa = PBXBuildFile; fileRef = C15DB4DB27B3A0E100AFFBCF /* AppDelegate.swift */; };
		C15DB4DE27B3A0E100AFFBCF /* SceneDelegate.swift in Sources */ = {isa = PBXBuildFile; fileRef = C15DB4DD27B3A0E100AFFBCF /* SceneDelegate.swift */; };
		C15DB4E027B3A0E100AFFBCF /* ViewController.swift in Sources */ = {isa = PBXBuildFile; fileRef = C15DB4DF27B3A0E100AFFBCF /* ViewController.swift */; };
		C15DB4E327B3A0E100AFFBCF /* Main.storyboard in Resources */ = {isa = PBXBuildFile; fileRef = C15DB4E127B3A0E100AFFBCF /* Main.storyboard */; };
		C15DB4E527B3A0E200AFFBCF /* Assets.xcassets in Resources */ = {isa = PBXBuildFile; fileRef = C15DB4E427B3A0E200AFFBCF /* Assets.xcassets */; };
		C15DB4E827B3A0E200AFFBCF /* LaunchScreen.storyboard in Resources */ = {isa = PBXBuildFile; fileRef = C15DB4E627B3A0E200AFFBCF /* LaunchScreen.storyboard */; };
		C15DB4F327B3A44700AFFBCF /* CellPost.swift in Sources */ = {isa = PBXBuildFile; fileRef = C15DB4F227B3A44700AFFBCF /* CellPost.swift */; };
		C1A9F39627B3C33D00D9D25E /* Util.swift in Sources */ = {isa = PBXBuildFile; fileRef = C1A9F39527B3C33D00D9D25E /* Util.swift */; };
/* End PBXBuildFile section */

/* Begin PBXFileReference section */
		C15DB4D827B3A0E100AFFBCF /* Post_UI.app */ = {isa = PBXFileReference; explicitFileType = wrapper.application; includeInIndex = 0; path = Post_UI.app; sourceTree = BUILT_PRODUCTS_DIR; };
		C15DB4DB27B3A0E100AFFBCF /* AppDelegate.swift */ = {isa = PBXFileReference; lastKnownFileType = sourcecode.swift; path = AppDelegate.swift; sourceTree = "<group>"; };
		C15DB4DD27B3A0E100AFFBCF /* SceneDelegate.swift */ = {isa = PBXFileReference; lastKnownFileType = sourcecode.swift; path = SceneDelegate.swift; sourceTree = "<group>"; };
		C15DB4DF27B3A0E100AFFBCF /* ViewController.swift */ = {isa = PBXFileReference; lastKnownFileType = sourcecode.swift; path = ViewController.swift; sourceTree = "<group>"; };
		C15DB4E227B3A0E100AFFBCF /* Base */ = {isa = PBXFileReference; lastKnownFileType = file.storyboard; name = Base; path = Base.lproj/Main.storyboard; sourceTree = "<group>"; };
		C15DB4E427B3A0E200AFFBCF /* Assets.xcassets */ = {isa = PBXFileReference; lastKnownFileType = folder.assetcatalog; path = Assets.xcassets; sourceTree = "<group>"; };
		C15DB4E727B3A0E200AFFBCF /* Base */ = {isa = PBXFileReference; lastKnownFileType = file.storyboard; name = Base; path = Base.lproj/LaunchScreen.storyboard; sourceTree = "<group>"; };
		C15DB4E927B3A0E200AFFBCF /* Info.plist */ = {isa = PBXFileReference; lastKnownFileType = text.plist.xml; path = Info.plist; sourceTree = "<group>"; };
		C15DB4F227B3A44700AFFBCF /* CellPost.swift */ = {isa = PBXFileReference; lastKnownFileType = sourcecode.swift; path = CellPost.swift; sourceTree = "<group>"; };
		C1A9F39527B3C33D00D9D25E /* Util.swift */ = {isa = PBXFileReference; lastKnownFileType = sourcecode.swift; path = Util.swift; sourceTree = "<group>"; };
/* End PBXFileReference section */

/* Begin PBXFrameworksBuildPhase section */
		C15DB4D527B3A0E100AFFBCF /* Frameworks */ = {
			isa = PBXFrameworksBuildPhase;
			buildActionMask = 2147483647;
			files = (
			);
			runOnlyForDeploymentPostprocessing = 0;
		};
/* End PBXFrameworksBuildPhase section */

/* Begin PBXGroup section */
		C15DB4CF27B3A0E100AFFBCF = {
			isa = PBXGroup;
			children = (
				C15DB4DA27B3A0E100AFFBCF /* Post_UI */,
				C15DB4D927B3A0E100AFFBCF /* Products */,
			);
			sourceTree = "<group>";
		};
		C15DB4D927B3A0E100AFFBCF /* Products */ = {
			isa = PBXGroup;
			children = (
				C15DB4D827B3A0E100AFFBCF /* Post_UI.app */,
			);
			name = Products;
			sourceTree = "<group>";
		};
		C15DB4DA27B3A0E100AFFBCF /* Post_UI */ = {
			isa = PBXGroup;
			children = (
				C15DB4DB27B3A0E100AFFBCF /* AppDelegate.swift */,
				C15DB4DD27B3A0E100AFFBCF /* SceneDelegate.swift */,
				C15DB4F127B3A38C00AFFBCF /* Views */,
				C15DB4F027B3A37B00AFFBCF /* Models */,
				C15DB4EF27B3A35A00AFFBCF /* Controllers */,
				C1A9F39427B3C31200D9D25E /* Utils */,
				C15DB4E127B3A0E100AFFBCF /* Main.storyboard */,
				C15DB4E427B3A0E200AFFBCF /* Assets.xcassets */,
				C15DB4E627B3A0E200AFFBCF /* LaunchScreen.storyboard */,
				C15DB4E927B3A0E200AFFBCF /* Info.plist */,
			);
			path = Post_UI;
			sourceTree = "<group>";
		};
		C15DB4EF27B3A35A00AFFBCF /* Controllers */ = {
			isa = PBXGroup;
			children = (
				C15DB4DF27B3A0E100AFFBCF /* ViewController.swift */,
				C15DB4F227B3A44700AFFBCF /* CellPost.swift */,
			);
			path = Controllers;
			sourceTree = "<group>";
		};
		C15DB4F027B3A37B00AFFBCF /* Models */ = {
			isa = PBXGroup;
			children = (
			);
			path = Models;
			sourceTree = "<group>";
		};
		C15DB4F127B3A38C00AFFBCF /* Views */ = {
			isa = PBXGroup;
			children = (
			);
			path = Views;
			sourceTree = "<group>";
		};
		C1A9F39427B3C31200D9D25E /* Utils */ = {
			isa = PBXGroup;
			children = (
				C1A9F39527B3C33D00D9D25E /* Util.swift */,
			);
			path = Utils;
			sourceTree = "<group>";
		};
/* End PBXGroup section */

/* Begin PBXNativeTarget section */
		C15DB4D727B3A0E100AFFBCF /* Post_UI */ = {
			isa = PBXNativeTarget;
			buildConfigurationList = C15DB4EC27B3A0E200AFFBCF /* Build configuration list for PBXNativeTarget "Post_UI" */;
			buildPhases = (
				C15DB4D427B3A0E100AFFBCF /* Sources */,
				C15DB4D527B3A0E100AFFBCF /* Frameworks */,
				C15DB4D627B3A0E100AFFBCF /* Resources */,
			);
			buildRules = (
			);
			dependencies = (
			);
			name = Post_UI;
			productName = Post_UI;
			productReference = C15DB4D827B3A0E100AFFBCF /* Post_UI.app */;
			productType = "com.apple.product-type.application";
		};
/* End PBXNativeTarget section */

/* Begin PBXProject section */
		C15DB4D027B3A0E100AFFBCF /* Project object */ = {
			isa = PBXProject;
			attributes = {
				BuildIndependentTargetsInParallel = 1;
				LastSwiftUpdateCheck = 1310;
				LastUpgradeCheck = 1310;
				TargetAttributes = {
					C15DB4D727B3A0E100AFFBCF = {
						CreatedOnToolsVersion = 13.1;
					};
				};
			};
			buildConfigurationList = C15DB4D327B3A0E100AFFBCF /* Build configuration list for PBXProject "Post_UI" */;
			compatibilityVersion = "Xcode 13.0";
			developmentRegion = en;
			hasScannedForEncodings = 0;
			knownRegions = (
				en,
				Base,
			);
			mainGroup = C15DB4CF27B3A0E100AFFBCF;
			productRefGroup = C15DB4D927B3A0E100AFFBCF /* Products */;
			projectDirPath = "";
			projectRoot = "";
			targets = (
				C15DB4D727B3A0E100AFFBCF /* Post_UI */,
			);
		};
/* End PBXProject section */

/* Begin PBXResourcesBuildPhase section */
		C15DB4D627B3A0E100AFFBCF /* Resources */ = {
			isa = PBXResourcesBuildPhase;
			buildActionMask = 2147483647;
			files = (
				C15DB4E827B3A0E200AFFBCF /* LaunchScreen.storyboard in Resources */,
				C15DB4E527B3A0E200AFFBCF /* Assets.xcassets in Resources */,
				C15DB4E327B3A0E100AFFBCF /* Main.storyboard in Resources */,
			);
			runOnlyForDeploymentPostprocessing = 0;
		};
/* End PBXResourcesBuildPhase section */

/* Begin PBXSourcesBuildPhase section */
		C15DB4D427B3A0E100AFFBCF /* Sources */ = {
			isa = PBXSourcesBuildPhase;
			buildActionMask = 2147483647;
			files = (
				C15DB4E027B3A0E100AFFBCF /* ViewController.swift in Sources */,
				C15DB4DC27B3A0E100AFFBCF /* AppDelegate.swift in Sources */,
				C1A9F39627B3C33D00D9D25E /* Util.swift in Sources */,
				C15DB4DE27B3A0E100AFFBCF /* SceneDelegate.swift in Sources */,
				C15DB4F327B3A44700AFFBCF /* CellPost.swift in Sources */,
			);
			runOnlyForDeploymentPostprocessing = 0;
		};
/* End PBXSourcesBuildPhase section */

/* Begin PBXVariantGroup section */
		C15DB4E127B3A0E100AFFBCF /* Main.storyboard */ = {
			isa = PBXVariantGroup;
			children = (
				C15DB4E227B3A0E100AFFBCF /* Base */,
			);
			name = Main.storyboard;
			sourceTree = "<group>";
		};
		C15DB4E627B3A0E200AFFBCF /* LaunchScreen.storyboard */ = {
			isa = PBXVariantGroup;
			children = (
				C15DB4E727B3A0E200AFFBCF /* Base */,
			);
			name = LaunchScreen.storyboard;
			sourceTree = "<group>";
		};
/* End PBXVariantGroup section */

/* Begin XCBuildConfiguration section */
		C15DB4EA27B3A0E200AFFBCF /* Debug */ = {
			isa = XCBuildConfiguration;
			buildSettings = {
				ALWAYS_SEARCH_USER_PATHS = NO;
				CLANG_ANALYZER_NONNULL = YES;
				CLANG_ANALYZER_NUMBER_OBJECT_CONVERSION = YES_AGGRESSIVE;
				CLANG_CXX_LANGUAGE_STANDARD = "gnu++17";
				CLANG_CXX_LIBRARY = "libc++";
				CLANG_ENABLE_MODULES = YES;
				CLANG_ENABLE_OBJC_ARC = YES;
				CLANG_ENABLE_OBJC_WEAK = YES;
				CLANG_WARN_BLOCK_CAPTURE_AUTORELEASING = YES;
				CLANG_WARN_BOOL_CONVERSION = YES;
				CLANG_WARN_COMMA = YES;
				CLANG_WARN_CONSTANT_CONVERSION = YES;
				CLANG_WARN_DEPRECATED_OBJC_IMPLEMENTATIONS = YES;
				CLANG_WARN_DIRECT_OBJC_ISA_USAGE = YES_ERROR;
				CLANG_WARN_DOCUMENTATION_COMMENTS = YES;
				CLANG_WARN_EMPTY_BODY = YES;
				CLANG_WARN_ENUM_CONVERSION = YES;
				CLANG_WARN_INFINITE_RECURSION = YES;
				CLANG_WARN_INT_CONVERSION = YES;
				CLANG_WARN_NON_LITERAL_NULL_CONVERSION = YES;
				CLANG_WARN_OBJC_IMPLICIT_RETAIN_SELF = YES;
				CLANG_WARN_OBJC_LITERAL_CONVERSION = YES;
				CLANG_WARN_OBJC_ROOT_CLASS = YES_ERROR;
				CLANG_WARN_QUOTED_INCLUDE_IN_FRAMEWORK_HEADER = YES;
				CLANG_WARN_RANGE_LOOP_ANALYSIS = YES;
				CLANG_WARN_STRICT_PROTOTYPES = YES;
				CLANG_WARN_SUSPICIOUS_MOVE = YES;
				CLANG_WARN_UNGUARDED_AVAILABILITY = YES_AGGRESSIVE;
				CLANG_WARN_UNREACHABLE_CODE = YES;
				CLANG_WARN__DUPLICATE_METHOD_MATCH = YES;
				COPY_PHASE_STRIP = NO;
				DEBUG_INFORMATION_FORMAT = dwarf;
				ENABLE_STRICT_OBJC_MSGSEND = YES;
				ENABLE_TESTABILITY = YES;
				GCC_C_LANGUAGE_STANDARD = gnu11;
				GCC_DYNAMIC_NO_PIC = NO;
				GCC_NO_COMMON_BLOCKS = YES;
				GCC_OPTIMIZATION_LEVEL = 0;
				GCC_PREPROCESSOR_DEFINITIONS = (
					"DEBUG=1",
					"$(inherited)",
				);
				GCC_WARN_64_TO_32_BIT_CONVERSION = YES;
				GCC_WARN_ABOUT_RETURN_TYPE = YES_ERROR;
				GCC_WARN_UNDECLARED_SELECTOR = YES;
				GCC_WARN_UNINITIALIZED_AUTOS = YES_AGGRESSIVE;
				GCC_WARN_UNUSED_FUNCTION = YES;
				GCC_WARN_UNUSED_VARIABLE = YES;
				IPHONEOS_DEPLOYMENT_TARGET = 15.0;
				MTL_ENABLE_DEBUG_INFO = INCLUDE_SOURCE;
				MTL_FAST_MATH = YES;
				ONLY_ACTIVE_ARCH = YES;
				SDKROOT = iphoneos;
				SWIFT_ACTIVE_COMPILATION_CONDITIONS = DEBUG;
				SWIFT_OPTIMIZATION_LEVEL = "-Onone";
			};
			name = Debug;
		};
		C15DB4EB27B3A0E200AFFBCF /* Release */ = {
			isa = XCBuildConfiguration;
			buildSettings = {
				ALWAYS_SEARCH_USER_PATHS = NO;
				CLANG_ANALYZER_NONNULL = YES;
				CLANG_ANALYZER_NUMBER_OBJECT_CONVERSION = YES_AGGRESSIVE;
				CLANG_CXX_LANGUAGE_STANDARD = "gnu++17";
				CLANG_CXX_LIBRARY = "libc++";
				CLANG_ENABLE_MODULES = YES;
				CLANG_ENABLE_OBJC_ARC = YES;
				CLANG_ENABLE_OBJC_WEAK = YES;
				CLANG_WARN_BLOCK_CAPTURE_AUTORELEASING = YES;
				CLANG_WARN_BOOL_CONVERSION = YES;
				CLANG_WARN_COMMA = YES;
				CLANG_WARN_CONSTANT_CONVERSION = YES;
				CLANG_WARN_DEPRECATED_OBJC_IMPLEMENTATIONS = YES;
				CLANG_WARN_DIRECT_OBJC_ISA_USAGE = YES_ERROR;
				CLANG_WARN_DOCUMENTATION_COMMENTS = YES;
				CLANG_WARN_EMPTY_BODY = YES;
				CLANG_WARN_ENUM_CONVERSION = YES;
				CLANG_WARN_INFINITE_RECURSION = YES;
				CLANG_WARN_INT_CONVERSION = YES;
				CLANG_WARN_NON_LITERAL_NULL_CONVERSION = YES;
				CLANG_WARN_OBJC_IMPLICIT_RETAIN_SELF = YES;
				CLANG_WARN_OBJC_LITERAL_CONVERSION = YES;
				CLANG_WARN_OBJC_ROOT_CLASS = YES_ERROR;
				CLANG_WARN_QUOTED_INCLUDE_IN_FRAMEWORK_HEADER = YES;
				CLANG_WARN_RANGE_LOOP_ANALYSIS = YES;
				CLANG_WARN_STRICT_PROTOTYPES = YES;
				CLANG_WARN_SUSPICIOUS_MOVE = YES;
				CLANG_WARN_UNGUARDED_AVAILABILITY = YES_AGGRESSIVE;
				CLANG_WARN_UNREACHABLE_CODE = YES;
				CLANG_WARN__DUPLICATE_METHOD_MATCH = YES;
				COPY_PHASE_STRIP = NO;
				DEBUG_INFORMATION_FORMAT = "dwarf-with-dsym";
				ENABLE_NS_ASSERTIONS = NO;
				ENABLE_STRICT_OBJC_MSGSEND = YES;
				GCC_C_LANGUAGE_STANDARD = gnu11;
				GCC_NO_COMMON_BLOCKS = YES;
				GCC_WARN_64_TO_32_BIT_CONVERSION = YES;
				GCC_WARN_ABOUT_RETURN_TYPE = YES_ERROR;
				GCC_WARN_UNDECLARED_SELECTOR = YES;
				GCC_WARN_UNINITIALIZED_AUTOS = YES_AGGRESSIVE;
				GCC_WARN_UNUSED_FUNCTION = YES;
				GCC_WARN_UNUSED_VARIABLE = YES;
				IPHONEOS_DEPLOYMENT_TARGET = 15.0;
				MTL_ENABLE_DEBUG_INFO = NO;
				MTL_FAST_MATH = YES;
				SDKROOT = iphoneos;
				SWIFT_COMPILATION_MODE = wholemodule;
				SWIFT_OPTIMIZATION_LEVEL = "-O";
				VALIDATE_PRODUCT = YES;
			};
			name = Release;
		};
		C15DB4ED27B3A0E200AFFBCF /* Debug */ = {
			isa = XCBuildConfiguration;
			buildSettings = {
				ASSETCATALOG_COMPILER_APPICON_NAME = AppIcon;
				ASSETCATALOG_COMPILER_GLOBAL_ACCENT_COLOR_NAME = AccentColor;
				CODE_SIGN_STYLE = Automatic;
				CURRENT_PROJECT_VERSION = 1;
				GENERATE_INFOPLIST_FILE = YES;
				INFOPLIST_FILE = Post_UI/Info.plist;
				INFOPLIST_KEY_UIApplicationSupportsIndirectInputEvents = YES;
				INFOPLIST_KEY_UILaunchStoryboardName = LaunchScreen;
				INFOPLIST_KEY_UIMainStoryboardFile = Main;
				INFOPLIST_KEY_UISupportedInterfaceOrientations_iPad = "UIInterfaceOrientationPortrait UIInterfaceOrientationPortraitUpsideDown UIInterfaceOrientationLandscapeLeft UIInterfaceOrientationLandscapeRight";
				INFOPLIST_KEY_UISupportedInterfaceOrientations_iPhone = "UIInterfaceOrientationPortrait UIInterfaceOrientationLandscapeLeft UIInterfaceOrientationLandscapeRight";
				LD_RUNPATH_SEARCH_PATHS = (
					"$(inherited)",
					"@executable_path/Frameworks",
				);
				MARKETING_VERSION = 1.0;
				PRODUCT_BUNDLE_IDENTIFIER = "com.boom3b.Post-UI";
				PRODUCT_NAME = "$(TARGET_NAME)";
				SWIFT_EMIT_LOC_STRINGS = YES;
				SWIFT_VERSION = 5.0;
				TARGETED_DEVICE_FAMILY = "1,2";
			};
			name = Debug;
		};
		C15DB4EE27B3A0E200AFFBCF /* Release */ = {
			isa = XCBuildConfiguration;
			buildSettings = {
				ASSETCATALOG_COMPILER_APPICON_NAME = AppIcon;
				ASSETCATALOG_COMPILER_GLOBAL_ACCENT_COLOR_NAME = AccentColor;
				CODE_SIGN_STYLE = Automatic;
				CURRENT_PROJECT_VERSION = 1;
				GENERATE_INFOPLIST_FILE = YES;
				INFOPLIST_FILE = Post_UI/Info.plist;
				INFOPLIST_KEY_UIApplicationSupportsIndirectInputEvents = YES;
				INFOPLIST_KEY_UILaunchStoryboardName = LaunchScreen;
				INFOPLIST_KEY_UIMainStoryboardFile = Main;
				INFOPLIST_KEY_UISupportedInterfaceOrientations_iPad = "UIInterfaceOrientationPortrait UIInterfaceOrientationPortraitUpsideDown UIInterfaceOrientationLandscapeLeft UIInterfaceOrientationLandscapeRight";
				INFOPLIST_KEY_UISupportedInterfaceOrientations_iPhone = "UIInterfaceOrientationPortrait UIInterfaceOrientationLandscapeLeft UIInterfaceOrientationLandscapeRight";
				LD_RUNPATH_SEARCH_PATHS = (
					"$(inherited)",
					"@executable_path/Frameworks",
				);
				MARKETING_VERSION = 1.0;
				PRODUCT_BUNDLE_IDENTIFIER = "com.boom3b.Post-UI";
				PRODUCT_NAME = "$(TARGET_NAME)";
				SWIFT_EMIT_LOC_STRINGS = YES;
				SWIFT_VERSION = 5.0;
				TARGETED_DEVICE_FAMILY = "1,2";
			};
			name = Release;
		};
/* End XCBuildConfiguration section */

/* Begin XCConfigurationList section */
		C15DB4D327B3A0E100AFFBCF /* Build configuration list for PBXProject "Post_UI" */ = {
			isa = XCConfigurationList;
			buildConfigurations = (
				C15DB4EA27B3A0E200AFFBCF /* Debug */,
				C15DB4EB27B3A0E200AFFBCF /* Release */,
			);
			defaultConfigurationIsVisible = 0;
			defaultConfigurationName = Release;
		};
		C15DB4EC27B3A0E200AFFBCF /* Build configuration list for PBXNativeTarget "Post_UI" */ = {
			isa = XCConfigurationList;
			buildConfigurations = (
				C15DB4ED27B3A0E200AFFBCF /* Debug */,
				C15DB4EE27B3A0E200AFFBCF /* Release */,
			);
			defaultConfigurationIsVisible = 0;
			defaultConfigurationName = Release;
		};
/* End XCConfigurationList section */
	};
	rootObject = C15DB4D027B3A0E100AFFBCF /* Project object */;
}
